// !$*UTF8*$!
{
	archiveVersion = 1;
	classes = {
	};
	objectVersion = 45;
	objects = {

/* Begin PBXBuildFile section */
		1D3623260D0F684500981E51 /* BobPageScrollAppDelegate.m in Sources */ = {isa = PBXBuildFile; fileRef = 1D3623250D0F684500981E51 /* BobPageScrollAppDelegate.m */; };
		1D60589B0D05DD56006BFB54 /* main.m in Sources */ = {isa = PBXBuildFile; fileRef = 29B97316FDCFA39411CA2CEA /* main.m */; };
		1D60589F0D05DD5A006BFB54 /* Foundation.framework in Frameworks */ = {isa = PBXBuildFile; fileRef = 1D30AB110D05D00D00671497 /* Foundation.framework */; };
		1DF5F4E00D08C38300B7A737 /* UIKit.framework in Frameworks */ = {isa = PBXBuildFile; fileRef = 1DF5F4DF0D08C38300B7A737 /* UIKit.framework */; };
		288765FD0DF74451002DB57D /* CoreGraphics.framework in Frameworks */ = {isa = PBXBuildFile; fileRef = 288765FC0DF74451002DB57D /* CoreGraphics.framework */; };
		A10332E11243DC8C00CEB67B /* GHUnitIOS.framework in Frameworks */ = {isa = PBXBuildFile; fileRef = A10332E01243DC8C00CEB67B /* GHUnitIOS.framework */; };
		A10333161243DE0B00CEB67B /* GHUnitIOSTestMain.m in Sources */ = {isa = PBXBuildFile; fileRef = A10333151243DE0B00CEB67B /* GHUnitIOSTestMain.m */; };
		A10333191243DE3D00CEB67B /* TestUnitTest.m in Sources */ = {isa = PBXBuildFile; fileRef = A10333181243DE3D00CEB67B /* TestUnitTest.m */; };
		A103331E1243DEA700CEB67B /* UIKit.framework in Frameworks */ = {isa = PBXBuildFile; fileRef = 1DF5F4DF0D08C38300B7A737 /* UIKit.framework */; };
		A103331F1243DEA700CEB67B /* CoreGraphics.framework in Frameworks */ = {isa = PBXBuildFile; fileRef = 288765FC0DF74451002DB57D /* CoreGraphics.framework */; };
		A10333201243DEA800CEB67B /* Foundation.framework in Frameworks */ = {isa = PBXBuildFile; fileRef = 1D30AB110D05D00D00671497 /* Foundation.framework */; };
		A103333012450C7B00CEB67B /* BobPageScrollView.m in Sources */ = {isa = PBXBuildFile; fileRef = A103332F12450C7B00CEB67B /* BobPageScrollView.m */; };
		A103333112450C7B00CEB67B /* BobPageScrollView.m in Sources */ = {isa = PBXBuildFile; fileRef = A103332F12450C7B00CEB67B /* BobPageScrollView.m */; };
		A10333411245166300CEB67B /* FullScreenPhotoController.m in Sources */ = {isa = PBXBuildFile; fileRef = A10333401245166300CEB67B /* FullScreenPhotoController.m */; };
		A10333421245166300CEB67B /* FullScreenPhotoController.m in Sources */ = {isa = PBXBuildFile; fileRef = A10333401245166300CEB67B /* FullScreenPhotoController.m */; };
		A103337812451B4900CEB67B /* ExampleSelectionTableController.m in Sources */ = {isa = PBXBuildFile; fileRef = A103333D124512F200CEB67B /* ExampleSelectionTableController.m */; };
		A10333C71245285400CEB67B /* FullScreenNumberController.m in Sources */ = {isa = PBXBuildFile; fileRef = A10333C61245285400CEB67B /* FullScreenNumberController.m */; };
		A10333C81245285400CEB67B /* FullScreenNumberController.m in Sources */ = {isa = PBXBuildFile; fileRef = A10333C61245285400CEB67B /* FullScreenNumberController.m */; };
		A10333CF124A7C6100CEB67B /* BobPage.m in Sources */ = {isa = PBXBuildFile; fileRef = A10333CE124A7C6100CEB67B /* BobPage.m */; };
		A10333D0124A7C6100CEB67B /* BobPage.m in Sources */ = {isa = PBXBuildFile; fileRef = A10333CE124A7C6100CEB67B /* BobPage.m */; };
		A1033400124A9FA600CEB67B /* FullScreenNumberPage.m in Sources */ = {isa = PBXBuildFile; fileRef = A10333FF124A9FA600CEB67B /* FullScreenNumberPage.m */; };
		A1033401124A9FA600CEB67B /* FullScreenNumberPage.m in Sources */ = {isa = PBXBuildFile; fileRef = A10333FF124A9FA600CEB67B /* FullScreenNumberPage.m */; };
		A113EA0B124BECA200207B0A /* BobPageScrollViewTest.m in Sources */ = {isa = PBXBuildFile; fileRef = A113E9F3124BEA3A00207B0A /* BobPageScrollViewTest.m */; };
		A113EA511253CCAE00207B0A /* BobPageImage.m in Sources */ = {isa = PBXBuildFile; fileRef = A113EA501253CCAE00207B0A /* BobPageImage.m */; };
		A113EA521253CCAE00207B0A /* BobPageImage.m in Sources */ = {isa = PBXBuildFile; fileRef = A113EA501253CCAE00207B0A /* BobPageImage.m */; };
		A113EC891257709900207B0A /* content__yet_disturbing_by_woxys-d2zv869.jpg in Resources */ = {isa = PBXBuildFile; fileRef = A113EC871257709900207B0A /* content__yet_disturbing_by_woxys-d2zv869.jpg */; };
		A113EC8A1257709900207B0A /* nanga__the_beauty_queen_by_woxys-d2yfqxy.jpg in Resources */ = {isa = PBXBuildFile; fileRef = A113EC881257709900207B0A /* nanga__the_beauty_queen_by_woxys-d2yfqxy.jpg */; };
		A113EC8B1257709900207B0A /* content__yet_disturbing_by_woxys-d2zv869.jpg in Resources */ = {isa = PBXBuildFile; fileRef = A113EC871257709900207B0A /* content__yet_disturbing_by_woxys-d2zv869.jpg */; };
		A113EC8C1257709900207B0A /* nanga__the_beauty_queen_by_woxys-d2yfqxy.jpg in Resources */ = {isa = PBXBuildFile; fileRef = A113EC881257709900207B0A /* nanga__the_beauty_queen_by_woxys-d2yfqxy.jpg */; };
		A113ED121257709900207B0A /* TapDetectingImageView.m in Sources */ = {isa = PBXBuildFile; fileRef = A113ED111257709900207B0A /* TapDetectingImageView.m */; };
		A113ED131257709900207B0A /* TapDetectingImageView.m in Sources */ = {isa = PBXBuildFile; fileRef = A113ED111257709900207B0A /* TapDetectingImageView.m */; };
		A113ED8C1257AADC00207B0A /* Monika_was_delicious_by_woxys.jpg in Resources */ = {isa = PBXBuildFile; fileRef = A113ED8A1257AADC00207B0A /* Monika_was_delicious_by_woxys.jpg */; };
		A113ED8D1257AADC00207B0A /* Obviously_dangerous_by_woxys.jpg in Resources */ = {isa = PBXBuildFile; fileRef = A113ED8B1257AADC00207B0A /* Obviously_dangerous_by_woxys.jpg */; };
		A113ED8E1257AADC00207B0A /* Monika_was_delicious_by_woxys.jpg in Resources */ = {isa = PBXBuildFile; fileRef = A113ED8A1257AADC00207B0A /* Monika_was_delicious_by_woxys.jpg */; };
		A113ED8F1257AADC00207B0A /* Obviously_dangerous_by_woxys.jpg in Resources */ = {isa = PBXBuildFile; fileRef = A113ED8B1257AADC00207B0A /* Obviously_dangerous_by_woxys.jpg */; };
/* End PBXBuildFile section */

/* Begin PBXFileReference section */
		1D30AB110D05D00D00671497 /* Foundation.framework */ = {isa = PBXFileReference; lastKnownFileType = wrapper.framework; name = Foundation.framework; path = System/Library/Frameworks/Foundation.framework; sourceTree = SDKROOT; };
		1D3623240D0F684500981E51 /* BobPageScrollAppDelegate.h */ = {isa = PBXFileReference; fileEncoding = 4; lastKnownFileType = sourcecode.c.h; path = BobPageScrollAppDelegate.h; sourceTree = "<group>"; };
		1D3623250D0F684500981E51 /* BobPageScrollAppDelegate.m */ = {isa = PBXFileReference; fileEncoding = 4; lastKnownFileType = sourcecode.c.objc; path = BobPageScrollAppDelegate.m; sourceTree = "<group>"; };
		1D6058910D05DD3D006BFB54 /* BobPageScroll.app */ = {isa = PBXFileReference; explicitFileType = wrapper.application; includeInIndex = 0; path = BobPageScroll.app; sourceTree = BUILT_PRODUCTS_DIR; };
		1DF5F4DF0D08C38300B7A737 /* UIKit.framework */ = {isa = PBXFileReference; lastKnownFileType = wrapper.framework; name = UIKit.framework; path = System/Library/Frameworks/UIKit.framework; sourceTree = SDKROOT; };
		288765FC0DF74451002DB57D /* CoreGraphics.framework */ = {isa = PBXFileReference; lastKnownFileType = wrapper.framework; name = CoreGraphics.framework; path = System/Library/Frameworks/CoreGraphics.framework; sourceTree = SDKROOT; };
		29B97316FDCFA39411CA2CEA /* main.m */ = {isa = PBXFileReference; fileEncoding = 4; lastKnownFileType = sourcecode.c.objc; path = main.m; sourceTree = "<group>"; };
		32CA4F630368D1EE00C91783 /* BobPageScroll_Prefix.pch */ = {isa = PBXFileReference; fileEncoding = 4; lastKnownFileType = sourcecode.c.h; path = BobPageScroll_Prefix.pch; sourceTree = "<group>"; };
		8D1107310486CEB800E47090 /* BobPageScroll-Info.plist */ = {isa = PBXFileReference; fileEncoding = 4; lastKnownFileType = text.plist.xml; path = "BobPageScroll-Info.plist"; plistStructureDefinitionIdentifier = "com.apple.xcode.plist.structure-definition.iphone.info-plist"; sourceTree = "<group>"; };
		A10332D51243DBA500CEB67B /* Tests.app */ = {isa = PBXFileReference; explicitFileType = wrapper.application; includeInIndex = 0; path = Tests.app; sourceTree = BUILT_PRODUCTS_DIR; };
		A10332D71243DBA600CEB67B /* Tests-Info.plist */ = {isa = PBXFileReference; lastKnownFileType = text.plist.xml; path = "Tests-Info.plist"; sourceTree = "<group>"; };
		A10332E01243DC8C00CEB67B /* GHUnitIOS.framework */ = {isa = PBXFileReference; lastKnownFileType = wrapper.framework; name = GHUnitIOS.framework; path = ExternalFrameworks/GHUnitIOS.framework; sourceTree = "<group>"; };
		A10333151243DE0B00CEB67B /* GHUnitIOSTestMain.m */ = {isa = PBXFileReference; fileEncoding = 4; lastKnownFileType = sourcecode.c.objc; path = GHUnitIOSTestMain.m; sourceTree = "<group>"; };
		A10333171243DE3D00CEB67B /* TestUnitTest.h */ = {isa = PBXFileReference; fileEncoding = 4; lastKnownFileType = sourcecode.c.h; path = TestUnitTest.h; sourceTree = "<group>"; };
		A10333181243DE3D00CEB67B /* TestUnitTest.m */ = {isa = PBXFileReference; fileEncoding = 4; lastKnownFileType = sourcecode.c.objc; path = TestUnitTest.m; sourceTree = "<group>"; };
		A103332E12450C7B00CEB67B /* BobPageScrollView.h */ = {isa = PBXFileReference; fileEncoding = 4; lastKnownFileType = sourcecode.c.h; path = BobPageScrollView.h; sourceTree = "<group>"; };
		A103332F12450C7B00CEB67B /* BobPageScrollView.m */ = {isa = PBXFileReference; fileEncoding = 4; lastKnownFileType = sourcecode.c.objc; path = BobPageScrollView.m; sourceTree = "<group>"; };
		A103333C124512F200CEB67B /* ExampleSelectionTableController.h */ = {isa = PBXFileReference; fileEncoding = 4; lastKnownFileType = sourcecode.c.h; path = ExampleSelectionTableController.h; sourceTree = "<group>"; };
		A103333D124512F200CEB67B /* ExampleSelectionTableController.m */ = {isa = PBXFileReference; fileEncoding = 4; lastKnownFileType = sourcecode.c.objc; path = ExampleSelectionTableController.m; sourceTree = "<group>"; };
		A103333F1245166300CEB67B /* FullScreenPhotoController.h */ = {isa = PBXFileReference; fileEncoding = 4; lastKnownFileType = sourcecode.c.h; path = FullScreenPhotoController.h; sourceTree = "<group>"; };
		A10333401245166300CEB67B /* FullScreenPhotoController.m */ = {isa = PBXFileReference; fileEncoding = 4; lastKnownFileType = sourcecode.c.objc; path = FullScreenPhotoController.m; sourceTree = "<group>"; };
		A10333C51245285400CEB67B /* FullScreenNumberController.h */ = {isa = PBXFileReference; fileEncoding = 4; lastKnownFileType = sourcecode.c.h; path = FullScreenNumberController.h; sourceTree = "<group>"; };
		A10333C61245285400CEB67B /* FullScreenNumberController.m */ = {isa = PBXFileReference; fileEncoding = 4; lastKnownFileType = sourcecode.c.objc; path = FullScreenNumberController.m; sourceTree = "<group>"; };
		A10333CD124A7C6100CEB67B /* BobPage.h */ = {isa = PBXFileReference; fileEncoding = 4; lastKnownFileType = sourcecode.c.h; path = BobPage.h; sourceTree = "<group>"; };
		A10333CE124A7C6100CEB67B /* BobPage.m */ = {isa = PBXFileReference; fileEncoding = 4; lastKnownFileType = sourcecode.c.objc; path = BobPage.m; sourceTree = "<group>"; };
		A10333FE124A9FA600CEB67B /* FullScreenNumberPage.h */ = {isa = PBXFileReference; fileEncoding = 4; lastKnownFileType = sourcecode.c.h; path = FullScreenNumberPage.h; sourceTree = "<group>"; };
		A10333FF124A9FA600CEB67B /* FullScreenNumberPage.m */ = {isa = PBXFileReference; fileEncoding = 4; lastKnownFileType = sourcecode.c.objc; path = FullScreenNumberPage.m; sourceTree = "<group>"; };
		A113E9F2124BEA3A00207B0A /* BobPageScrollViewTest.h */ = {isa = PBXFileReference; fileEncoding = 4; lastKnownFileType = sourcecode.c.h; path = BobPageScrollViewTest.h; sourceTree = "<group>"; };
		A113E9F3124BEA3A00207B0A /* BobPageScrollViewTest.m */ = {isa = PBXFileReference; fileEncoding = 4; lastKnownFileType = sourcecode.c.objc; path = BobPageScrollViewTest.m; sourceTree = "<group>"; };
		A113EA4F1253CCAE00207B0A /* BobPageImage.h */ = {isa = PBXFileReference; fileEncoding = 4; lastKnownFileType = sourcecode.c.h; path = BobPageImage.h; sourceTree = "<group>"; };
		A113EA501253CCAE00207B0A /* BobPageImage.m */ = {isa = PBXFileReference; fileEncoding = 4; lastKnownFileType = sourcecode.c.objc; path = BobPageImage.m; sourceTree = "<group>"; };
		A113EC871257709900207B0A /* content__yet_disturbing_by_woxys-d2zv869.jpg */ = {isa = PBXFileReference; lastKnownFileType = image.jpeg; path = "content__yet_disturbing_by_woxys-d2zv869.jpg"; sourceTree = "<group>"; };
		A113EC881257709900207B0A /* nanga__the_beauty_queen_by_woxys-d2yfqxy.jpg */ = {isa = PBXFileReference; lastKnownFileType = image.jpeg; path = "nanga__the_beauty_queen_by_woxys-d2yfqxy.jpg"; sourceTree = "<group>"; };
		A113ED101257709900207B0A /* TapDetectingImageView.h */ = {isa = PBXFileReference; fileEncoding = 4; lastKnownFileType = sourcecode.c.h; path = TapDetectingImageView.h; sourceTree = "<group>"; };
		A113ED111257709900207B0A /* TapDetectingImageView.m */ = {isa = PBXFileReference; fileEncoding = 4; lastKnownFileType = sourcecode.c.objc; path = TapDetectingImageView.m; sourceTree = "<group>"; };
		A113ED8A1257AADC00207B0A /* Monika_was_delicious_by_woxys.jpg */ = {isa = PBXFileReference; lastKnownFileType = image.jpeg; path = Monika_was_delicious_by_woxys.jpg; sourceTree = "<group>"; };
		A113ED8B1257AADC00207B0A /* Obviously_dangerous_by_woxys.jpg */ = {isa = PBXFileReference; lastKnownFileType = image.jpeg; path = Obviously_dangerous_by_woxys.jpg; sourceTree = "<group>"; };
/* End PBXFileReference section */

/* Begin PBXFrameworksBuildPhase section */
		1D60588F0D05DD3D006BFB54 /* Frameworks */ = {
			isa = PBXFrameworksBuildPhase;
			buildActionMask = 2147483647;
			files = (
				1D60589F0D05DD5A006BFB54 /* Foundation.framework in Frameworks */,
				1DF5F4E00D08C38300B7A737 /* UIKit.framework in Frameworks */,
				288765FD0DF74451002DB57D /* CoreGraphics.framework in Frameworks */,
			);
			runOnlyForDeploymentPostprocessing = 0;
		};
		A10332D31243DBA500CEB67B /* Frameworks */ = {
			isa = PBXFrameworksBuildPhase;
			buildActionMask = 2147483647;
			files = (
				A10332E11243DC8C00CEB67B /* GHUnitIOS.framework in Frameworks */,
				A103331E1243DEA700CEB67B /* UIKit.framework in Frameworks */,
				A103331F1243DEA700CEB67B /* CoreGraphics.framework in Frameworks */,
				A10333201243DEA800CEB67B /* Foundation.framework in Frameworks */,
			);
			runOnlyForDeploymentPostprocessing = 0;
		};
/* End PBXFrameworksBuildPhase section */

/* Begin PBXGroup section */
		080E96DDFE201D6D7F000001 /* Classes */ = {
			isa = PBXGroup;
			children = (
				A103333A124512B300CEB67B /* Examples */,
				A10332C6124161D900CEB67B /* BobPageScroll */,
				1D3623240D0F684500981E51 /* BobPageScrollAppDelegate.h */,
				1D3623250D0F684500981E51 /* BobPageScrollAppDelegate.m */,
			);
			path = Classes;
			sourceTree = "<group>";
		};
		19C28FACFE9D520D11CA2CBB /* Products */ = {
			isa = PBXGroup;
			children = (
				1D6058910D05DD3D006BFB54 /* BobPageScroll.app */,
				A10332D51243DBA500CEB67B /* Tests.app */,
			);
			name = Products;
			sourceTree = "<group>";
		};
		29B97314FDCFA39411CA2CEA /* CustomTemplate */ = {
			isa = PBXGroup;
			children = (
				A10333131243DDCA00CEB67B /* Test */,
				A10332C31241617F00CEB67B /* Images */,
				080E96DDFE201D6D7F000001 /* Classes */,
				29B97315FDCFA39411CA2CEA /* Other Sources */,
				29B97317FDCFA39411CA2CEA /* Resources */,
				29B97323FDCFA39411CA2CEA /* Frameworks */,
				19C28FACFE9D520D11CA2CBB /* Products */,
			);
			name = CustomTemplate;
			sourceTree = "<group>";
		};
		29B97315FDCFA39411CA2CEA /* Other Sources */ = {
			isa = PBXGroup;
			children = (
				32CA4F630368D1EE00C91783 /* BobPageScroll_Prefix.pch */,
				29B97316FDCFA39411CA2CEA /* main.m */,
			);
			name = "Other Sources";
			sourceTree = "<group>";
		};
		29B97317FDCFA39411CA2CEA /* Resources */ = {
			isa = PBXGroup;
			children = (
				A10332D71243DBA600CEB67B /* Tests-Info.plist */,
				8D1107310486CEB800E47090 /* BobPageScroll-Info.plist */,
			);
			name = Resources;
			sourceTree = "<group>";
		};
		29B97323FDCFA39411CA2CEA /* Frameworks */ = {
			isa = PBXGroup;
			children = (
				A10332E01243DC8C00CEB67B /* GHUnitIOS.framework */,
				1DF5F4DF0D08C38300B7A737 /* UIKit.framework */,
				1D30AB110D05D00D00671497 /* Foundation.framework */,
				288765FC0DF74451002DB57D /* CoreGraphics.framework */,
			);
			name = Frameworks;
			sourceTree = "<group>";
		};
		A10332C31241617F00CEB67B /* Images */ = {
			isa = PBXGroup;
			children = (
				A113ED8A1257AADC00207B0A /* Monika_was_delicious_by_woxys.jpg */,
				A113ED8B1257AADC00207B0A /* Obviously_dangerous_by_woxys.jpg */,
				A113EC871257709900207B0A /* content__yet_disturbing_by_woxys-d2zv869.jpg */,
				A113EC881257709900207B0A /* nanga__the_beauty_queen_by_woxys-d2yfqxy.jpg */,
			);
			path = Images;
			sourceTree = "<group>";
		};
		A10332C6124161D900CEB67B /* BobPageScroll */ = {
			isa = PBXGroup;
			children = (
				A103332E12450C7B00CEB67B /* BobPageScrollView.h */,
				A103332F12450C7B00CEB67B /* BobPageScrollView.m */,
				A10333CD124A7C6100CEB67B /* BobPage.h */,
				A10333CE124A7C6100CEB67B /* BobPage.m */,
				A113EA4F1253CCAE00207B0A /* BobPageImage.h */,
				A113EA501253CCAE00207B0A /* BobPageImage.m */,
				A113ED101257709900207B0A /* TapDetectingImageView.h */,
				A113ED111257709900207B0A /* TapDetectingImageView.m */,
			);
			path = BobPageScroll;
			sourceTree = "<group>";
		};
		A10333131243DDCA00CEB67B /* Test */ = {
			isa = PBXGroup;
			children = (
				A10333151243DE0B00CEB67B /* GHUnitIOSTestMain.m */,
				A10333171243DE3D00CEB67B /* TestUnitTest.h */,
				A10333181243DE3D00CEB67B /* TestUnitTest.m */,
				A113E9F2124BEA3A00207B0A /* BobPageScrollViewTest.h */,
				A113E9F3124BEA3A00207B0A /* BobPageScrollViewTest.m */,
			);
			path = Test;
			sourceTree = "<group>";
		};
		A103333A124512B300CEB67B /* Examples */ = {
			isa = PBXGroup;
			children = (
				A10333C2124527F500CEB67B /* fullscreennumbers */,
				A103333E1245160300CEB67B /* fullscreenphotos */,
				A103333C124512F200CEB67B /* ExampleSelectionTableController.h */,
				A103333D124512F200CEB67B /* ExampleSelectionTableController.m */,
			);
			name = Examples;
			path = Classes/Examples;
			sourceTree = SOURCE_ROOT;
		};
		A103333E1245160300CEB67B /* fullscreenphotos */ = {
			isa = PBXGroup;
			children = (
				A103333F1245166300CEB67B /* FullScreenPhotoController.h */,
				A10333401245166300CEB67B /* FullScreenPhotoController.m */,
			);
			path = fullscreenphotos;
			sourceTree = "<group>";
		};
		A10333C2124527F500CEB67B /* fullscreennumbers */ = {
			isa = PBXGroup;
			children = (
				A10333C51245285400CEB67B /* FullScreenNumberController.h */,
				A10333C61245285400CEB67B /* FullScreenNumberController.m */,
				A10333FE124A9FA600CEB67B /* FullScreenNumberPage.h */,
				A10333FF124A9FA600CEB67B /* FullScreenNumberPage.m */,
			);
			path = fullscreennumbers;
			sourceTree = "<group>";
		};
/* End PBXGroup section */

/* Begin PBXNativeTarget section */
		1D6058900D05DD3D006BFB54 /* BobPageScroll */ = {
			isa = PBXNativeTarget;
			buildConfigurationList = 1D6058960D05DD3E006BFB54 /* Build configuration list for PBXNativeTarget "BobPageScroll" */;
			buildPhases = (
				1D60588D0D05DD3D006BFB54 /* Resources */,
				1D60588E0D05DD3D006BFB54 /* Sources */,
				1D60588F0D05DD3D006BFB54 /* Frameworks */,
			);
			buildRules = (
			);
			dependencies = (
			);
			name = BobPageScroll;
			productName = BobPageScroll;
			productReference = 1D6058910D05DD3D006BFB54 /* BobPageScroll.app */;
			productType = "com.apple.product-type.application";
		};
		A10332D41243DBA500CEB67B /* Tests */ = {
			isa = PBXNativeTarget;
			buildConfigurationList = A10332DA1243DBA700CEB67B /* Build configuration list for PBXNativeTarget "Tests" */;
			buildPhases = (
				A10332D11243DBA500CEB67B /* Resources */,
				A10332D21243DBA500CEB67B /* Sources */,
				A10332D31243DBA500CEB67B /* Frameworks */,
			);
			buildRules = (
			);
			dependencies = (
			);
			name = Tests;
			productName = Tests;
			productReference = A10332D51243DBA500CEB67B /* Tests.app */;
			productType = "com.apple.product-type.application";
		};
/* End PBXNativeTarget section */

/* Begin PBXProject section */
		29B97313FDCFA39411CA2CEA /* Project object */ = {
			isa = PBXProject;
			buildConfigurationList = C01FCF4E08A954540054247B /* Build configuration list for PBXProject "BobPageScroll" */;
			compatibilityVersion = "Xcode 3.1";
			hasScannedForEncodings = 1;
			mainGroup = 29B97314FDCFA39411CA2CEA /* CustomTemplate */;
			projectDirPath = "";
			projectRoot = "";
			targets = (
				1D6058900D05DD3D006BFB54 /* BobPageScroll */,
				A10332D41243DBA500CEB67B /* Tests */,
			);
		};
/* End PBXProject section */

/* Begin PBXResourcesBuildPhase section */
		1D60588D0D05DD3D006BFB54 /* Resources */ = {
			isa = PBXResourcesBuildPhase;
			buildActionMask = 2147483647;
			files = (
				A113EC891257709900207B0A /* content__yet_disturbing_by_woxys-d2zv869.jpg in Resources */,
				A113EC8A1257709900207B0A /* nanga__the_beauty_queen_by_woxys-d2yfqxy.jpg in Resources */,
				A113ED8C1257AADC00207B0A /* Monika_was_delicious_by_woxys.jpg in Resources */,
				A113ED8D1257AADC00207B0A /* Obviously_dangerous_by_woxys.jpg in Resources */,
			);
			runOnlyForDeploymentPostprocessing = 0;
		};
		A10332D11243DBA500CEB67B /* Resources */ = {
			isa = PBXResourcesBuildPhase;
			buildActionMask = 2147483647;
			files = (
				A113EC8B1257709900207B0A /* content__yet_disturbing_by_woxys-d2zv869.jpg in Resources */,
				A113EC8C1257709900207B0A /* nanga__the_beauty_queen_by_woxys-d2yfqxy.jpg in Resources */,
				A113ED8E1257AADC00207B0A /* Monika_was_delicious_by_woxys.jpg in Resources */,
				A113ED8F1257AADC00207B0A /* Obviously_dangerous_by_woxys.jpg in Resources */,
			);
			runOnlyForDeploymentPostprocessing = 0;
		};
/* End PBXResourcesBuildPhase section */

/* Begin PBXSourcesBuildPhase section */
		1D60588E0D05DD3D006BFB54 /* Sources */ = {
			isa = PBXSourcesBuildPhase;
			buildActionMask = 2147483647;
			files = (
				1D60589B0D05DD56006BFB54 /* main.m in Sources */,
				1D3623260D0F684500981E51 /* BobPageScrollAppDelegate.m in Sources */,
				A103333112450C7B00CEB67B /* BobPageScrollView.m in Sources */,
				A10333421245166300CEB67B /* FullScreenPhotoController.m in Sources */,
				A103337812451B4900CEB67B /* ExampleSelectionTableController.m in Sources */,
				A10333C81245285400CEB67B /* FullScreenNumberController.m in Sources */,
				A10333D0124A7C6100CEB67B /* BobPage.m in Sources */,
				A1033401124A9FA600CEB67B /* FullScreenNumberPage.m in Sources */,
				A113EA511253CCAE00207B0A /* BobPageImage.m in Sources */,
				A113ED121257709900207B0A /* TapDetectingImageView.m in Sources */,
			);
			runOnlyForDeploymentPostprocessing = 0;
		};
		A10332D21243DBA500CEB67B /* Sources */ = {
			isa = PBXSourcesBuildPhase;
			buildActionMask = 2147483647;
			files = (
				A10333161243DE0B00CEB67B /* GHUnitIOSTestMain.m in Sources */,
				A10333191243DE3D00CEB67B /* TestUnitTest.m in Sources */,
				A103333012450C7B00CEB67B /* BobPageScrollView.m in Sources */,
				A10333411245166300CEB67B /* FullScreenPhotoController.m in Sources */,
				A10333C71245285400CEB67B /* FullScreenNumberController.m in Sources */,
				A10333CF124A7C6100CEB67B /* BobPage.m in Sources */,
				A1033400124A9FA600CEB67B /* FullScreenNumberPage.m in Sources */,
				A113EA0B124BECA200207B0A /* BobPageScrollViewTest.m in Sources */,
				A113EA521253CCAE00207B0A /* BobPageImage.m in Sources */,
				A113ED131257709900207B0A /* TapDetectingImageView.m in Sources */,
			);
			runOnlyForDeploymentPostprocessing = 0;
		};
/* End PBXSourcesBuildPhase section */

/* Begin XCBuildConfiguration section */
		1D6058940D05DD3E006BFB54 /* Debug */ = {
			isa = XCBuildConfiguration;
			buildSettings = {
				ALWAYS_SEARCH_USER_PATHS = NO;
				COPY_PHASE_STRIP = NO;
				GCC_DYNAMIC_NO_PIC = NO;
				GCC_OPTIMIZATION_LEVEL = 0;
				GCC_PRECOMPILE_PREFIX_HEADER = YES;
				GCC_PREFIX_HEADER = BobPageScroll_Prefix.pch;
				INFOPLIST_FILE = "BobPageScroll-Info.plist";
				PRODUCT_NAME = BobPageScroll;
			};
			name = Debug;
		};
		1D6058950D05DD3E006BFB54 /* Release */ = {
			isa = XCBuildConfiguration;
			buildSettings = {
				ALWAYS_SEARCH_USER_PATHS = NO;
				COPY_PHASE_STRIP = YES;
				GCC_PRECOMPILE_PREFIX_HEADER = YES;
				GCC_PREFIX_HEADER = BobPageScroll_Prefix.pch;
				INFOPLIST_FILE = "BobPageScroll-Info.plist";
				PRODUCT_NAME = BobPageScroll;
				VALIDATE_PRODUCT = YES;
			};
			name = Release;
		};
		A10332D81243DBA700CEB67B /* Debug */ = {
			isa = XCBuildConfiguration;
			buildSettings = {
				ALWAYS_SEARCH_USER_PATHS = NO;
				CODE_SIGN_IDENTITY = "iPhone Developer";
				COPY_PHASE_STRIP = NO;
				FRAMEWORK_SEARCH_PATHS = (
					"$(inherited)",
					"\"$(SRCROOT)/Frameworks\"",
					"\"$(SRCROOT)/ExternalFrameworks\"",
				);
				GCC_DYNAMIC_NO_PIC = NO;
				GCC_OPTIMIZATION_LEVEL = 0;
				GCC_PRECOMPILE_PREFIX_HEADER = YES;
				GCC_PREFIX_HEADER = "$(SYSTEM_LIBRARY_DIR)/Frameworks/UIKit.framework/Headers/UIKit.h";
				INFOPLIST_FILE = "Tests-Info.plist";
				INSTALL_PATH = "$(HOME)/Applications";
				LD_RUNPATH_SEARCH_PATHS = "";
				OTHER_LDFLAGS = (
					"-all_load",
					"-ObjC",
					"-framework",
					Foundation,
					"-framework",
					UIKit,
				);
				PREBINDING = NO;
				PRODUCT_NAME = Tests;
				SDKROOT = iphoneos4.0;
			};
			name = Debug;
		};
		A10332D91243DBA700CEB67B /* Release */ = {
			isa = XCBuildConfiguration;
			buildSettings = {
				ALWAYS_SEARCH_USER_PATHS = NO;
				CODE_SIGN_IDENTITY = "iPhone Developer";
				COPY_PHASE_STRIP = YES;
				DEBUG_INFORMATION_FORMAT = "dwarf-with-dsym";
				FRAMEWORK_SEARCH_PATHS = (
					"$(inherited)",
					"\"$(SRCROOT)/Frameworks\"",
					"\"$(SRCROOT)/ExternalFrameworks\"",
				);
				GCC_ENABLE_FIX_AND_CONTINUE = NO;
				GCC_PRECOMPILE_PREFIX_HEADER = YES;
				GCC_PREFIX_HEADER = "$(SYSTEM_LIBRARY_DIR)/Frameworks/UIKit.framework/Headers/UIKit.h";
				INFOPLIST_FILE = "Tests-Info.plist";
				INSTALL_PATH = "$(HOME)/Applications";
				LD_RUNPATH_SEARCH_PATHS = "";
				OTHER_LDFLAGS = (
					"-all_load",
					"-ObjC",
					"-framework",
					Foundation,
					"-framework",
					UIKit,
				);
				PREBINDING = NO;
				PRODUCT_NAME = Tests;
				SDKROOT = iphoneos4.0;
				ZERO_LINK = NO;
			};
			name = Release;
		};
		C01FCF4F08A954540054247B /* Debug */ = {
			isa = XCBuildConfiguration;
			buildSettings = {
				ARCHS = "$(ARCHS_STANDARD_32_BIT)";
				"CODE_SIGN_IDENTITY[sdk=iphoneos*]" = "iPhone Developer";
				FRAMEWORK_SEARCH_PATHS = ExternalFrameworks;
				GCC_C_LANGUAGE_STANDARD = c99;
				GCC_WARN_ABOUT_RETURN_TYPE = YES;
				GCC_WARN_UNUSED_VARIABLE = YES;
				IPHONEOS_DEPLOYMENT_TARGET = 3.0;
				PREBINDING = NO;
				SDKROOT = iphoneos4.0;
			};
			name = Debug;
		};
		C01FCF5008A954540054247B /* Release */ = {
			isa = XCBuildConfiguration;
			buildSettings = {
				ARCHS = "$(ARCHS_STANDARD_32_BIT)";
				"CODE_SIGN_IDENTITY[sdk=iphoneos*]" = "iPhone Developer";
				FRAMEWORK_SEARCH_PATHS = ExternalFrameworks;
				GCC_C_LANGUAGE_STANDARD = c99;
				GCC_WARN_ABOUT_RETURN_TYPE = YES;
				GCC_WARN_UNUSED_VARIABLE = YES;
				IPHONEOS_DEPLOYMENT_TARGET = 3.0;
				OTHER_CFLAGS = "-DNS_BLOCK_ASSERTIONS=1";
				PREBINDING = NO;
				SDKROOT = iphoneos4.0;
			};
			name = Release;
		};
/* End XCBuildConfiguration section */

/* Begin XCConfigurationList section */
		1D6058960D05DD3E006BFB54 /* Build configuration list for PBXNativeTarget "BobPageScroll" */ = {
			isa = XCConfigurationList;
			buildConfigurations = (
				1D6058940D05DD3E006BFB54 /* Debug */,
				1D6058950D05DD3E006BFB54 /* Release */,
			);
			defaultConfigurationIsVisible = 0;
			defaultConfigurationName = Release;
		};
		A10332DA1243DBA700CEB67B /* Build configuration list for PBXNativeTarget "Tests" */ = {
			isa = XCConfigurationList;
			buildConfigurations = (
				A10332D81243DBA700CEB67B /* Debug */,
				A10332D91243DBA700CEB67B /* Release */,
			);
			defaultConfigurationIsVisible = 0;
			defaultConfigurationName = Release;
		};
		C01FCF4E08A954540054247B /* Build configuration list for PBXProject "BobPageScroll" */ = {
			isa = XCConfigurationList;
			buildConfigurations = (
				C01FCF4F08A954540054247B /* Debug */,
				C01FCF5008A954540054247B /* Release */,
			);
			defaultConfigurationIsVisible = 0;
			defaultConfigurationName = Release;
		};
/* End XCConfigurationList section */
	};
	rootObject = 29B97313FDCFA39411CA2CEA /* Project object */;
}
